# This file is automatically @generated by Cargo.
# It is not intended for manual editing.
version = 4

[[package]]
name = "confusable-oracle"
version = "0.0.0"
dependencies = [
 "unicode-normalization",
 "unicode-script",
 "unicode-security",
]

[[package]]
name = "tinyvec"
version = "1.13.3"
source = "registry+https://github.com/rust-lang/crates.io-index"
checksum = "fd3ca314f692efd6c868f8408f53fe444634a845f96c028b97d35f6a1f79f0ee"

[[package]]
name = "unicode-normalization"
version = "0.1.25"
dependencies = [
 "tinyvec",
]

[[package]]
name = "unicode-script"
version = "0.5.8"

[[package]]
name = "unicode-security"
version = "0.1.2"
dependencies = [
 "unicode-normalization",
 "unicode-script",
]
